
Microsoft Visual Studio Solution File, Format Version 12.00
# Visual Studio Version 16
VisualStudioVersion = 16.0.35826.135
MinimumVisualStudioVersion = 10.0.40219.1
Project("{FAE04EC0-301F-11D3-BF4B-00C04F79EFBC}") = "CarInsurance1", "CarInsurance1.csproj", "{2A0167C9-9A49-49C4-AA52-C57F324FA93C}"
EndProject
Global
	GlobalSection(SolutionConfigurationPlatforms) = preSolution
		Debug|Any CPU = Debug|Any CPU
		Release|Any CPU = Release|Any CPU
	EndGlobalSection
	GlobalSection(ProjectConfigurationPlatforms) = postSolution
		{2A0167C9-9A49-49C4-AA52-C57F324FA93C}.Debug|Any CPU.ActiveCfg = Debug|Any CPU
		{2A0167C9-9A49-49C4-AA52-C57F324FA93C}.Debug|Any CPU.Build.0 = Debug|Any CPU
		{2A0167C9-9A49-49C4-AA52-C57F324FA93C}.Release|Any CPU.ActiveCfg = Release|Any CPU
		{2A0167C9-9A49-49C4-AA52-C57F324FA93C}.Release|Any CPU.Build.0 = Release|Any CPU
	EndGlobalSection
	GlobalSection(SolutionProperties) = preSolution
		HideSolutionNode = FALSE
	EndGlobalSection
	GlobalSection(ExtensibilityGlobals) = postSolution
		SolutionGuid = {37588932-D7E6-41CB-9ED1-F1D7F4D28C33}
	EndGlobalSection
EndGlobal
